# This file is automatically @generated by Poetry 1.4.1 and should not be changed by hand.

[[package]]
name = "anyio"
version = "4.0.0"
description = "High level compatibility layer for multiple asynchronous event loop implementations"
category = "main"
optional = false
python-versions = ">=3.8"
files = [
    {file = "anyio-4.0.0-py3-none-any.whl", hash = "sha256:cfdb2b588b9fc25ede96d8db56ed50848b0b649dca3dd1df0b11f683bb9e0b5f"},
    {file = "anyio-4.0.0.tar.gz", hash = "sha256:f7ed51751b2c2add651e5747c891b47e26d2a21be5d32d9311dfe9692f3e5d7a"},
]

[package.dependencies]
idna = ">=2.8"
sniffio = ">=1.1"

[package.extras]
doc = ["Sphinx (>=7)", "packaging", "sphinx-autodoc-typehints (>=1.2.0)"]
test = ["anyio[trio]", "coverage[toml] (>=7)", "hypothesis (>=4.0)", "psutil (>=5.9)", "pytest (>=7.0)", "pytest-mock (>=3.6.1)", "trustme", "uvloop (>=0.17)"]
trio = ["trio (>=0.22)"]

[[package]]
name = "certifi"
version = "2023.7.22"
description = "Python package for providing Mozilla's CA Bundle."
category = "main"
optional = false
python-versions = ">=3.6"
files = [
    {file = "certifi-2023.7.22-py3-none-any.whl", hash = "sha256:92d6037539857d8206b8f6ae472e8b77db8058fec5937a1ef3f54304089edbb9"},
    {file = "certifi-2023.7.22.tar.gz", hash = "sha256:539cc1d13202e33ca466e88b2807e29f4c13049d6d87031a3c110744495cb082"},
]

[[package]]
name = "h11"
version = "0.14.0"
description = "A pure-Python, bring-your-own-I/O implementation of HTTP/1.1"
category = "main"
optional = false
python-versions = ">=3.7"
files = [
    {file = "h11-0.14.0-py3-none-any.whl", hash = "sha256:e3fe4ac4b851c468cc8363d500db52c2ead036020723024a109d37346efaa761"},
    {file = "h11-0.14.0.tar.gz", hash = "sha256:8f19fbbe99e72420ff35c00b27a34cb9937e902a8b810e2c88300c6f0a3b699d"},
]

[[package]]
name = "httpcore"
version = "0.18.0"
description = "A minimal low-level HTTP client."
category = "main"
optional = false
python-versions = ">=3.8"
files = [
    {file = "httpcore-0.18.0-py3-none-any.whl", hash = "sha256:adc5398ee0a476567bf87467063ee63584a8bce86078bf748e48754f60202ced"},
    {file = "httpcore-0.18.0.tar.gz", hash = "sha256:13b5e5cd1dca1a6636a6aaea212b19f4f85cd88c366a2b82304181b769aab3c9"},
]

[package.dependencies]
anyio = ">=3.0,<5.0"
certifi = "*"
h11 = ">=0.13,<0.15"
sniffio = ">=1.0.0,<2.0.0"

[package.extras]
http2 = ["h2 (>=3,<5)"]
socks = ["socksio (>=1.0.0,<2.0.0)"]

[[package]]
name = "httpx"
version = "0.25.0"
description = "The next generation HTTP client."
category = "main"
optional = false
python-versions = ">=3.8"
files = [
    {file = "httpx-0.25.0-py3-none-any.whl", hash = "sha256:181ea7f8ba3a82578be86ef4171554dd45fec26a02556a744db029a0a27b7100"},
    {file = "httpx-0.25.0.tar.gz", hash = "sha256:47ecda285389cb32bb2691cc6e069e3ab0205956f681c5b2ad2325719751d875"},
]

[package.dependencies]
certifi = "*"
httpcore = ">=0.18.0,<0.19.0"
idna = "*"
sniffio = "*"

[package.extras]
brotli = ["brotli", "brotlicffi"]
cli = ["click (>=8.0.0,<9.0.0)", "pygments (>=2.0.0,<3.0.0)", "rich (>=10,<14)"]
http2 = ["h2 (>=3,<5)"]
socks = ["socksio (>=1.0.0,<2.0.0)"]

[[package]]
name = "idna"
version = "3.4"
description = "Internationalized Domain Names in Applications (IDNA)"
category = "main"
optional = false
python-versions = ">=3.5"
files = [
    {file = "idna-3.4-py3-none-any.whl", hash = "sha256:90b77e79eaa3eba6de819a0c442c0b4ceefc341a7a2ab77d7562bf49f425c5c2"},
    {file = "idna-3.4.tar.gz", hash = "sha256:814f528e8dead7d329833b91c5faa87d60bf71824cd12a7530b5526063d02cb4"},
]

[[package]]
name = "selectolax"
version = "0.3.17"
description = "Fast HTML5 parser with CSS selectors."
category = "main"
optional = false
python-versions = "*"
files = [
    {file = "selectolax-0.3.17-cp310-cp310-macosx_10_9_universal2.whl", hash = "sha256:90cfaedb7fc2548bdbf9e0930a0fed6a0c51171a33693e3777359c5ef606ec6d"},
    {file = "selectolax-0.3.17-cp310-cp310-macosx_10_9_x86_64.whl", hash = "sha256:625c4e62a3c63e71fef1093c0e9493bc92747b0d940a7c42b6df16d5cca24a8d"},
    {file = "selectolax-0.3.17-cp310-cp310-manylinux_2_17_aarch64.manylinux2014_aarch64.whl", hash = "sha256:e96638d64d9ff11add1a888d97999c9ae5ec5bf431d7299ede18503cef11d2d1"},
    {file = "selectolax-0.3.17-cp310-cp310-manylinux_2_17_x86_64.manylinux2014_x86_64.whl", hash = "sha256:537b277e953f60337b0dae37633dcb374db49eb27cd87dcf6ba95bc1156e022c"},
    {file = "selectolax-0.3.17-cp310-cp310-manylinux_2_5_i686.manylinux1_i686.manylinux_2_17_i686.manylinux2014_i686.whl", hash = "sha256:409f4b3ddcd50b62264488fd59821c62331e796477836e49028ab656206bf34b"},
    {file = "selectolax-0.3.17-cp310-cp310-musllinux_1_1_aarch64.whl", hash = "sha256:da10b86dafdc96fa3744bd0596d6c80135d8dcc097bb07895bda9cb87f816410"},
    {file = "selectolax-0.3.17-cp310-cp310-musllinux_1_1_i686.whl", hash = "sha256:80fd1d987f2adf284b0360c907e2a080d0ea0e9bbfe38298360c7538f619908c"},
    {file = "selectolax-0.3.17-cp310-cp310-musllinux_1_1_x86_64.whl", hash = "sha256:ae094f2047b42123b6669f1614c71d9a06754a12eb2fabe460bfa4f6fbea6872"},
    {file = "selectolax-0.3.17-cp310-cp310-win32.whl", hash = "sha256:82cd0aa4ebb764ca07251a76c5fc25a7f18f4a1155cdc0ff00242bbd5a32554d"},
    {file = "selectolax-0.3.17-cp310-cp310-win_amd64.whl", hash = "sha256:500934af2df8384ae0bf50f7e08360a781f270b73cba2d1e3033540d4b25c839"},
    {file = "selectolax-0.3.17-cp311-cp311-macosx_10_9_universal2.whl", hash = "sha256:d60578883894baf65b4585b186a8280db66396fba7f460f400d759a7439c74ac"},
    {file = "selectolax-0.3.17-cp311-cp311-macosx_10_9_x86_64.whl", hash = "sha256:12c442fc8661c14485ccb9ca34a4d9823809c1e2bdad1d02cbb5855625c96974"},
    {file = "selectolax-0.3.17-cp311-cp311-manylinux_2_17_aarch64.manylinux2014_aarch64.whl", hash = "sha256:ad9fb5f98e3ebd8fd51a188c41436c58767b2356de9f6279dd43c2ac109344a7"},
    {file = "selectolax-0.3.17-cp311-cp311-manylinux_2_17_x86_64.manylinux2014_x86_64.whl", hash = "sha256:e690a7d5ebe475a7d9275e22a9fc074925b203375a67329f432e04cd79f30589"},
    {file = "selectolax-0.3.17-cp311-cp311-manylinux_2_5_i686.manylinux1_i686.manylinux_2_17_i686.manylinux2014_i686.whl", hash = "sha256:3a7b6195d69862d74ceaeea26449a601641e4b4c80ad34924de3a7b8219acb94"},
    {file = "selectolax-0.3.17-cp311-cp311-musllinux_1_1_aarch64.whl", hash = "sha256:95b4c7d3190efccba65ca73f12c8034e36672ebfe00dc16ec56392a6ee221769"},
    {file = "selectolax-0.3.17-cp311-cp311-musllinux_1_1_i686.whl", hash = "sha256:efd228d0017d5db02c20e024e90f77c58f0a59dec66bc33084e0140d7867d39e"},
    {file = "selectolax-0.3.17-cp311-cp311-musllinux_1_1_x86_64.whl", hash = "sha256:29e1bad84660ca46d05e4dc7173cbb4877776379970a31a8deb027e22a58f1e4"},
    {file = "selectolax-0.3.17-cp311-cp311-win32.whl", hash = "sha256:8dcdd1eb059d6b398c20ef53a03fae54a821670aa156df1310aff111b7472bf2"},
    {file = "selectolax-0.3.17-cp311-cp311-win_amd64.whl", hash = "sha256:ea9987b139d74d76321f1fe1f5a9d240b9c0c59da7bcc9240c76c17629af52ab"},
    {file = "selectolax-0.3.17-cp312-cp312-macosx_10_9_universal2.whl", hash = "sha256:cc5315c92d36efa9e8fcc2243a7190eb61e2961908211dc0c12b890ff9f3e585"},
    {file = "selectolax-0.3.17-cp312-cp312-macosx_10_9_x86_64.whl", hash = "sha256:c0fc0ad4c06ddc685a437ce6fb30443986e5ff64a37fda83877feec3d0fff4bb"},
    {file = "selectolax-0.3.17-cp312-cp312-manylinux_2_17_aarch64.manylinux2014_aarch64.whl", hash = "sha256:9eb075cc291e4fde10652050953d8f972265b7159480d33d7fd4b6e51d7114d0"},
    {file = "selectolax-0.3.17-cp312-cp312-manylinux_2_17_x86_64.manylinux2014_x86_64.whl", hash = "sha256:36751144ce25ab580cbb72c4935ab8d38575a2c8143285d0e9c94355c6a130ff"},
    {file = "selectolax-0.3.17-cp312-cp312-manylinux_2_5_i686.manylinux1_i686.manylinux_2_17_i686.manylinux2014_i686.whl", hash = "sha256:d4ba12e1e26b7b69cdf2f24fbe7b1f6679f296db958373bab70160ae6b05a922"},
    {file = "selectolax-0.3.17-cp312-cp312-musllinux_1_1_aarch64.whl", hash = "sha256:c6b120bf387e952c645b29b9aeb1fe96e0f5b41103a671ff8a1360337bbea848"},
    {file = "selectolax-0.3.17-cp312-cp312-musllinux_1_1_i686.whl", hash = "sha256:5a4f983768f7c9313c7e62e9d591476381ca8abca54ccbbfef65639c810a03a7"},
    {file = "selectolax-0.3.17-cp312-cp312-musllinux_1_1_x86_64.whl", hash = "sha256:470ac64112336df9594254933fe53399a4aa30759e2eeff74c6d458bb2bebe3b"},
    {file = "selectolax-0.3.17-cp312-cp312-win32.whl", hash = "sha256:2238e6799a445a2bc9558dcc17ec7f292263eaf65b84065e3d747b15da1ae6be"},
    {file = "selectolax-0.3.17-cp312-cp312-win_amd64.whl", hash = "sha256:8f83de08738f6a94f6898ceaa823e8cc771430e3ff9eb242173c37768c515085"},
    {file = "selectolax-0.3.17-cp37-cp37m-macosx_10_9_x86_64.whl", hash = "sha256:029f4fee89a1d309a31030895f6ebabc709fd21dc67f93f8af03cd63e77e7776"},
    {file = "selectolax-0.3.17-cp37-cp37m-manylinux_2_17_x86_64.manylinux2014_x86_64.whl", hash = "sha256:b63ad7f851bc748f400034b4c3caab698934cc061e6f2f20f8954404c695f6ed"},
    {file = "selectolax-0.3.17-cp37-cp37m-manylinux_2_5_i686.manylinux1_i686.manylinux_2_17_i686.manylinux2014_i686.whl", hash = "sha256:e727eff773c88ab657a94ba99917e602bbc49a0bdef711640d0d8234ebb2ec9f"},
    {file = "selectolax-0.3.17-cp37-cp37m-musllinux_1_1_i686.whl", hash = "sha256:abac8798c84a0e907e9cd9eda37eea2ee349c5c5ae49dbbb53b867480941375b"},
    {file = "selectolax-0.3.17-cp37-cp37m-musllinux_1_1_x86_64.whl", hash = "sha256:3555691b73509136d63821c9526639beb5c0f01c567fc7aa3d9a03e3827c4b81"},
    {file = "selectolax-0.3.17-cp37-cp37m-win32.whl", hash = "sha256:f737b6d29c47aef4e558b25068cbe0c2e1d04207c2b854c92233cd9f79b6f40e"},
    {file = "selectolax-0.3.17-cp37-cp37m-win_amd64.whl", hash = "sha256:b79130e8da8b7021e81e6989c82b94a48861f142513796af8b78666f4cf320fe"},
    {file = "selectolax-0.3.17-cp38-cp38-macosx_10_9_universal2.whl", hash = "sha256:11a35ce0058d6791768a35bf8707aec9db3580c94b937a32c1c70dd205301ee1"},
    {file = "selectolax-0.3.17-cp38-cp38-macosx_10_9_x86_64.whl", hash = "sha256:74fbfa2ef56d728097cb3ba0051515a67c940e6fdb740515e187d016c095f54a"},
    {file = "selectolax-0.3.17-cp38-cp38-manylinux_2_17_x86_64.manylinux2014_x86_64.whl", hash = "sha256:5056313b8c0bfc127ed6ba4ab3b378a8b8445f1a79b04521a909d42dc98c3666"},
    {file = "selectolax-0.3.17-cp38-cp38-manylinux_2_5_i686.manylinux1_i686.manylinux_2_17_i686.manylinux2014_i686.whl", hash = "sha256:43afc46eadcd58416e76e22a8b30ec7c5e885ee87b1e87e6d530c789df937f7b"},
    {file = "selectolax-0.3.17-cp38-cp38-musllinux_1_1_i686.whl", hash = "sha256:317de0965d9ace3e774fd2ca447cc9d4089cf0fafce0243a6d323b94db2d2c41"},
    {file = "selectolax-0.3.17-cp38-cp38-musllinux_1_1_x86_64.whl", hash = "sha256:c768b9ed9f9071559bc63eb1808140946570b71a32facfe89b6059b72fa16ea7"},
    {file = "selectolax-0.3.17-cp38-cp38-win32.whl", hash = "sha256:8540dea060e0772236e22826f17bd3497a88e413ff566158cbfa4ee08c338e34"},
    {file = "selectolax-0.3.17-cp38-cp38-win_amd64.whl", hash = "sha256:316eec054f39f56f6718acee4b531bc1d8d357e64980f331fe262e38f9d1722e"},
    {file = "selectolax-0.3.17-cp39-cp39-macosx_10_9_universal2.whl", hash = "sha256:b9d5b90dc6b3fc7fc42e1802c3f818df3b1663f2b51883a1f8ebe49b38f0aa72"},
    {file = "selectolax-0.3.17-cp39-cp39-macosx_10_9_x86_64.whl", hash = "sha256:28837a339503fcf6b51a95692faabc9828a2fd18550995eb4fbca9e821631977"},
    {file = "selectolax-0.3.17-cp39-cp39-manylinux_2_17_aarch64.manylinux2014_aarch64.whl", hash = "sha256:2b384effc3f1468fca41a06bcdc6e59790feb8650e7366c7e3a2179a57dd2c6d"},
    {file = "selectolax-0.3.17-cp39-cp39-manylinux_2_17_x86_64.manylinux2014_x86_64.whl", hash = "sha256:33702f2481eec647ec6b38fd2024842b2f66e661355894910b4ad54d9d1851c4"},
    {file = "selectolax-0.3.17-cp39-cp39-manylinux_2_5_i686.manylinux1_i686.manylinux_2_17_i686.manylinux2014_i686.whl", hash = "sha256:d06af24b0108aafb13f28bfda6f554ffdaddab56c05efed0ed0a6cc059a03fa8"},
    {file = "selectolax-0.3.17-cp39-cp39-musllinux_1_1_aarch64.whl", hash = "sha256:f33594c6467823281d816726b03e464b3accc9ecf0d3db4915d582b477b17ad6"},
    {file = "selectolax-0.3.17-cp39-cp39-musllinux_1_1_i686.whl", hash = "sha256:b3d60b424abb54fbf6249bfcd9c1cf19402a7039c711be7eecaaef4af64b5c07"},
    {file = "selectolax-0.3.17-cp39-cp39-musllinux_1_1_x86_64.whl", hash = "sha256:a9da6591f1bcf05d4c2b7c1c81ef162c622365485610990cffbeebe1877f4d0b"},
    {file = "selectolax-0.3.17-cp39-cp39-win32.whl", hash = "sha256:b49043ade5633e514016f2f0528c405e72a2e2a85f7465942352f98b8854e64f"},
    {file = "selectolax-0.3.17-cp39-cp39-win_amd64.whl", hash = "sha256:db303344e6b9afb16b3e8a3bf73745cfbc7d2b04b05ed8d73c35d4ee11892e7e"},
    {file = "selectolax-0.3.17.tar.gz", hash = "sha256:c9b105d993f398c570c98c2b971609536ef10d154a03c7fa543068e79d1fa82f"},
]

[package.extras]
cython = ["Cython (==0.29.36)"]

[[package]]
name = "sniffio"
version = "1.3.0"
description = "Sniff out which async library your code is running under"
category = "main"
optional = false
python-versions = ">=3.7"
files = [
    {file = "sniffio-1.3.0-py3-none-any.whl", hash = "sha256:eecefdce1e5bbfb7ad2eeaabf7c1eeb404d7757c379bd1f7e5cce9d8bf425384"},
    {file = "sniffio-1.3.0.tar.gz", hash = "sha256:e60305c5e5d314f5389259b7f22aaa33d8f7dee49763119234af3755c55b9101"},
]

[metadata]
lock-version = "2.0"
python-versions = "^3.11"
content-hash = "2028ccbc870cdf9a14cfc51be12e24740e2cfbe6b533a4d97330a410e98dbc94"
